
Microsoft Visual Studio Solution File, Format Version 12.00
# Visual Studio 15
VisualStudioVersion = 15.0.28307.489
MinimumVisualStudioVersion = 10.0.40219.1
Project("{FAE04EC0-301F-11D3-BF4B-00C04F79EFBC}") = "燃气罩锁螺丝", "燃气罩锁螺丝\燃气罩锁螺丝.csproj", "{044C623F-E1DA-40FC-93AB-C2753093A20C}"
EndProject
Project("{FAE04EC0-301F-11D3-BF4B-00C04F79EFBC}") = "Communication", "Connection\Communication.csproj", "{B5B73599-34B1-43DB-9D2C-C9B523B22995}"
EndProject
Project("{FAE04EC0-301F-11D3-BF4B-00C04F79EFBC}") = "InitAuthorize", "InitAuthorize\InitAuthorize.csproj", "{D114718A-8633-46C6-ABD5-D429F6B3996D}"
EndProject
Global
	GlobalSection(SolutionConfigurationPlatforms) = preSolution
		Debug|Any CPU = Debug|Any CPU
		Release|Any CPU = Release|Any CPU
	EndGlobalSection
	GlobalSection(ProjectConfigurationPlatforms) = postSolution
		{044C623F-E1DA-40FC-93AB-C2753093A20C}.Debug|Any CPU.ActiveCfg = Debug|Any CPU
		{044C623F-E1DA-40FC-93AB-C2753093A20C}.Debug|Any CPU.Build.0 = Debug|Any CPU
		{044C623F-E1DA-40FC-93AB-C2753093A20C}.Release|Any CPU.ActiveCfg = Release|Any CPU
		{044C623F-E1DA-40FC-93AB-C2753093A20C}.Release|Any CPU.Build.0 = Release|Any CPU
		{B5B73599-34B1-43DB-9D2C-C9B523B22995}.Debug|Any CPU.ActiveCfg = Debug|Any CPU
		{B5B73599-34B1-43DB-9D2C-C9B523B22995}.Debug|Any CPU.Build.0 = Debug|Any CPU
		{B5B73599-34B1-43DB-9D2C-C9B523B22995}.Release|Any CPU.ActiveCfg = Release|Any CPU
		{B5B73599-34B1-43DB-9D2C-C9B523B22995}.Release|Any CPU.Build.0 = Release|Any CPU
		{D114718A-8633-46C6-ABD5-D429F6B3996D}.Debug|Any CPU.ActiveCfg = Debug|Any CPU
		{D114718A-8633-46C6-ABD5-D429F6B3996D}.Debug|Any CPU.Build.0 = Debug|Any CPU
		{D114718A-8633-46C6-ABD5-D429F6B3996D}.Release|Any CPU.ActiveCfg = Release|Any CPU
		{D114718A-8633-46C6-ABD5-D429F6B3996D}.Release|Any CPU.Build.0 = Release|Any CPU
	EndGlobalSection
	GlobalSection(SolutionProperties) = preSolution
		HideSolutionNode = FALSE
	EndGlobalSection
	GlobalSection(ExtensibilityGlobals) = postSolution
		SolutionGuid = {EC0E3C5A-7569-4047-A24E-7530A12F2755}
	EndGlobalSection
EndGlobal
